<?xml version="1.0" encoding="utf-8"?>
<Project ToolsVersion="4.0" xmlns="http://schemas.microsoft.com/developer/msbuild/2003">
  <ItemGroup>
    <Filter Include="源文件">
      <UniqueIdentifier>{4FC737F1-C7A5-4376-A066-2A32D752A2FF}</UniqueIdentifier>
      <Extensions>cpp;c;cc;cxx;def;odl;idl;hpj;bat;asm;asmx</Extensions>
    </Filter>
    <Filter Include="头文件">
      <UniqueIdentifier>{93995380-89BD-4b04-88EB-625FBE52EBFB}</UniqueIdentifier>
      <Extensions>h;hh;hpp;hxx;hm;inl;inc;ipp;xsd</Extensions>
    </Filter>
    <Filter Include="资源文件">
      <UniqueIdentifier>{67DA6AB6-F800-4c08-8B7A-83BB121AAD01}</UniqueIdentifier>
      <Extensions>rc;ico;cur;bmp;dlg;rc2;rct;bin;rgs;gif;jpg;jpeg;jpe;resx;tiff;tif;png;wav;mfcribbon-ms</Extensions>
    </Filter>
  </ItemGroup>
  <ItemGroup>
    <ClCompile Include="QiUiSolution.cpp">
      <Filter>源文件</Filter>
    </ClCompile>
    <ClCompile Include="QiWidgetBase.cpp">
      <Filter>头文件</Filter>
    </ClCompile>
    <ClCompile Include="QiButton.cpp">
      <Filter>头文件</Filter>
    </ClCompile>
    <ClCompile Include="QiEdit.cpp">
      <Filter>头文件</Filter>
    </ClCompile>
    <ClCompile Include="QiWidgetGroup.cpp">
      <Filter>头文件</Filter>
    </ClCompile>
  </ItemGroup>
  <ItemGroup>
    <ClInclude Include="QiObject.h">
      <Filter>头文件</Filter>
    </ClInclude>
    <ClInclude Include="QiEventListener.h">
      <Filter>头文件</Filter>
    </ClInclude>
    <ClInclude Include="QiPresenter.h">
      <Filter>头文件</Filter>
    </ClInclude>
    <ClInclude Include="QiView.h">
      <Filter>头文件</Filter>
    </ClInclude>
    <ClInclude Include="QiWindow.h">
      <Filter>头文件</Filter>
    </ClInclude>
    <ClInclude Include="QiWidgetBase.h">
      <Filter>头文件</Filter>
    </ClInclude>
    <ClInclude Include="QiButton.h">
      <Filter>头文件</Filter>
    </ClInclude>
    <ClInclude Include="QiEdit.h">
      <Filter>头文件</Filter>
    </ClInclude>
    <ClInclude Include="QiWidgetGroup.h">
      <Filter>头文件</Filter>
    </ClInclude>
    <ClInclude Include="QiBinder.h">
      <Filter>头文件</Filter>
    </ClInclude>
  </ItemGroup>
</Project>